// !$*UTF8*$!
{
	archiveVersion = 1;
	classes = {
	};
	objectVersion = 46;
	objects = {

/* Begin PBXBuildFile section */
		03BA7F881A24EEEB00E10F40 /* main.m in Sources */ = {isa = PBXBuildFile; fileRef = 03BA7F871A24EEEB00E10F40 /* main.m */; };
		03BA7F911A24EEEB00E10F40 /* Main.storyboard in Resources */ = {isa = PBXBuildFile; fileRef = 03BA7F8F1A24EEEB00E10F40 /* Main.storyboard */; };
		03BA7F931A24EEEB00E10F40 /* Images.xcassets in Resources */ = {isa = PBXBuildFile; fileRef = 03BA7F921A24EEEB00E10F40 /* Images.xcassets */; };
		03BA7F961A24EEEB00E10F40 /* LaunchScreen.xib in Resources */ = {isa = PBXBuildFile; fileRef = 03BA7F941A24EEEB00E10F40 /* LaunchScreen.xib */; };
		03BA7FA21A24EEEB00E10F40 /* drizzleTests.m in Sources */ = {isa = PBXBuildFile; fileRef = 03BA7FA11A24EEEB00E10F40 /* drizzleTests.m */; };
		03E0AE641A24F63D0043418F /* AppDelegate.m in Sources */ = {isa = PBXBuildFile; fileRef = 03E0AE5D1A24F63D0043418F /* AppDelegate.m */; };
		03E0AE671A24F7790043418F /* AppDependencies.m in Sources */ = {isa = PBXBuildFile; fileRef = 03E0AE661A24F7790043418F /* AppDependencies.m */; };
		03E0AE731A250C920043418F /* RootWireframe.m in Sources */ = {isa = PBXBuildFile; fileRef = 03E0AE721A250C920043418F /* RootWireframe.m */; };
		03E0AE7C1A250E190043418F /* ListDataManager.m in Sources */ = {isa = PBXBuildFile; fileRef = 03E0AE7B1A250E190043418F /* ListDataManager.m */; };
		03E0AE7F1A250F430043418F /* NSArray+Additions.m in Sources */ = {isa = PBXBuildFile; fileRef = 03E0AE7E1A250F430043418F /* NSArray+Additions.m */; };
		03E0AE831A25103A0043418F /* CoreDataStore.m in Sources */ = {isa = PBXBuildFile; fileRef = 03E0AE821A25103A0043418F /* CoreDataStore.m */; };
		03E0AE861A25161B0043418F /* ManagedLocationItem.m in Sources */ = {isa = PBXBuildFile; fileRef = 03E0AE851A25161B0043418F /* ManagedLocationItem.m */; };
		03E0AE891A2518100043418F /* Drizzle.xcdatamodeld in Sources */ = {isa = PBXBuildFile; fileRef = 03E0AE871A2518100043418F /* Drizzle.xcdatamodeld */; };
		03E0AE8F1A251A040043418F /* LocationEntity.m in Sources */ = {isa = PBXBuildFile; fileRef = 03E0AE8E1A251A040043418F /* LocationEntity.m */; };
		03E0AE931A251B5C0043418F /* ListInteractor.m in Sources */ = {isa = PBXBuildFile; fileRef = 03E0AE921A251B5C0043418F /* ListInteractor.m */; };
		03E0AE991A251D8F0043418F /* ListWireframe.m in Sources */ = {isa = PBXBuildFile; fileRef = 03E0AE981A251D8F0043418F /* ListWireframe.m */; };
		03E0AE9C1A251E670043418F /* ListPresenter.m in Sources */ = {isa = PBXBuildFile; fileRef = 03E0AE9B1A251E670043418F /* ListPresenter.m */; };
		03E0AE9F1A251F8E0043418F /* LocationDisplayData.m in Sources */ = {isa = PBXBuildFile; fileRef = 03E0AE9E1A251F8E0043418F /* LocationDisplayData.m */; };
		03E0AEA21A25218B0043418F /* LocationDisplayDataCollector.m in Sources */ = {isa = PBXBuildFile; fileRef = 03E0AEA11A25218B0043418F /* LocationDisplayDataCollector.m */; };
		03E0AEA51A2525160043418F /* LocationDisplayItem.m in Sources */ = {isa = PBXBuildFile; fileRef = 03E0AEA41A2525160043418F /* LocationDisplayItem.m */; };
		03E0AEA91A2528930043418F /* ListViewController.m in Sources */ = {isa = PBXBuildFile; fileRef = 03E0AEA81A2528930043418F /* ListViewController.m */; };
		03E0AEB11A25303B0043418F /* AddInteractor.m in Sources */ = {isa = PBXBuildFile; fileRef = 03E0AEB01A25303B0043418F /* AddInteractor.m */; };
		03E0AEB41A2530CE0043418F /* AddDataManager.m in Sources */ = {isa = PBXBuildFile; fileRef = 03E0AEB31A2530CE0043418F /* AddDataManager.m */; };
		03E0AEBB1A2531AD0043418F /* AddPresenter.m in Sources */ = {isa = PBXBuildFile; fileRef = 03E0AEBA1A2531AD0043418F /* AddPresenter.m */; };
		03E0AEBE1A2532610043418F /* AddWireframe.m in Sources */ = {isa = PBXBuildFile; fileRef = 03E0AEBD1A2532610043418F /* AddWireframe.m */; };
		03E0AEC11A2540900043418F /* AddViewController.m in Sources */ = {isa = PBXBuildFile; fileRef = 03E0AEC01A2540900043418F /* AddViewController.m */; };
		03E0AEC41A25462A0043418F /* GeoBytesStore.m in Sources */ = {isa = PBXBuildFile; fileRef = 03E0AEC31A25462A0043418F /* GeoBytesStore.m */; };
/* End PBXBuildFile section */

/* Begin PBXContainerItemProxy section */
		03BA7F9C1A24EEEB00E10F40 /* PBXContainerItemProxy */ = {
			isa = PBXContainerItemProxy;
			containerPortal = 03BA7F7A1A24EEEB00E10F40 /* Project object */;
			proxyType = 1;
			remoteGlobalIDString = 03BA7F811A24EEEB00E10F40;
			remoteInfo = drizzle;
		};
/* End PBXContainerItemProxy section */

/* Begin PBXFileReference section */
		03BA7F821A24EEEB00E10F40 /* drizzle.app */ = {isa = PBXFileReference; explicitFileType = wrapper.application; includeInIndex = 0; path = drizzle.app; sourceTree = BUILT_PRODUCTS_DIR; };
		03BA7F861A24EEEB00E10F40 /* Info.plist */ = {isa = PBXFileReference; lastKnownFileType = text.plist.xml; path = Info.plist; sourceTree = "<group>"; };
		03BA7F871A24EEEB00E10F40 /* main.m */ = {isa = PBXFileReference; lastKnownFileType = sourcecode.c.objc; path = main.m; sourceTree = "<group>"; };
		03BA7F901A24EEEB00E10F40 /* Base */ = {isa = PBXFileReference; lastKnownFileType = file.storyboard; name = Base; path = Base.lproj/Main.storyboard; sourceTree = "<group>"; };
		03BA7F921A24EEEB00E10F40 /* Images.xcassets */ = {isa = PBXFileReference; lastKnownFileType = folder.assetcatalog; path = Images.xcassets; sourceTree = "<group>"; };
		03BA7F951A24EEEB00E10F40 /* Base */ = {isa = PBXFileReference; lastKnownFileType = file.xib; name = Base; path = Base.lproj/LaunchScreen.xib; sourceTree = "<group>"; };
		03BA7F9B1A24EEEB00E10F40 /* drizzleTests.xctest */ = {isa = PBXFileReference; explicitFileType = wrapper.cfbundle; includeInIndex = 0; path = drizzleTests.xctest; sourceTree = BUILT_PRODUCTS_DIR; };
		03BA7FA01A24EEEB00E10F40 /* Info.plist */ = {isa = PBXFileReference; lastKnownFileType = text.plist.xml; path = Info.plist; sourceTree = "<group>"; };
		03BA7FA11A24EEEB00E10F40 /* drizzleTests.m */ = {isa = PBXFileReference; lastKnownFileType = sourcecode.c.objc; path = drizzleTests.m; sourceTree = "<group>"; };
		03E0AE5C1A24F63D0043418F /* AppDelegate.h */ = {isa = PBXFileReference; fileEncoding = 4; lastKnownFileType = sourcecode.c.h; path = AppDelegate.h; sourceTree = "<group>"; };
		03E0AE5D1A24F63D0043418F /* AppDelegate.m */ = {isa = PBXFileReference; fileEncoding = 4; lastKnownFileType = sourcecode.c.objc; path = AppDelegate.m; sourceTree = "<group>"; };
		03E0AE651A24F7790043418F /* AppDependencies.h */ = {isa = PBXFileReference; fileEncoding = 4; lastKnownFileType = sourcecode.c.h; path = AppDependencies.h; sourceTree = "<group>"; };
		03E0AE661A24F7790043418F /* AppDependencies.m */ = {isa = PBXFileReference; fileEncoding = 4; lastKnownFileType = sourcecode.c.objc; path = AppDependencies.m; sourceTree = "<group>"; };
		03E0AE711A250C920043418F /* RootWireframe.h */ = {isa = PBXFileReference; fileEncoding = 4; lastKnownFileType = sourcecode.c.h; path = RootWireframe.h; sourceTree = "<group>"; };
		03E0AE721A250C920043418F /* RootWireframe.m */ = {isa = PBXFileReference; fileEncoding = 4; lastKnownFileType = sourcecode.c.objc; path = RootWireframe.m; sourceTree = "<group>"; };
		03E0AE791A250DD00043418F /* ListModuleInterface.h */ = {isa = PBXFileReference; fileEncoding = 4; lastKnownFileType = sourcecode.c.h; path = ListModuleInterface.h; sourceTree = "<group>"; };
		03E0AE7A1A250E190043418F /* ListDataManager.h */ = {isa = PBXFileReference; fileEncoding = 4; lastKnownFileType = sourcecode.c.h; path = ListDataManager.h; sourceTree = "<group>"; };
		03E0AE7B1A250E190043418F /* ListDataManager.m */ = {isa = PBXFileReference; fileEncoding = 4; lastKnownFileType = sourcecode.c.objc; path = ListDataManager.m; sourceTree = "<group>"; };
		03E0AE7D1A250F430043418F /* NSArray+Additions.h */ = {isa = PBXFileReference; fileEncoding = 4; lastKnownFileType = sourcecode.c.h; path = "NSArray+Additions.h"; sourceTree = "<group>"; };
		03E0AE7E1A250F430043418F /* NSArray+Additions.m */ = {isa = PBXFileReference; fileEncoding = 4; lastKnownFileType = sourcecode.c.objc; path = "NSArray+Additions.m"; sourceTree = "<group>"; };
		03E0AE811A25103A0043418F /* CoreDataStore.h */ = {isa = PBXFileReference; fileEncoding = 4; lastKnownFileType = sourcecode.c.h; path = CoreDataStore.h; sourceTree = "<group>"; };
		03E0AE821A25103A0043418F /* CoreDataStore.m */ = {isa = PBXFileReference; fileEncoding = 4; lastKnownFileType = sourcecode.c.objc; path = CoreDataStore.m; sourceTree = "<group>"; };
		03E0AE841A25161B0043418F /* ManagedLocationItem.h */ = {isa = PBXFileReference; fileEncoding = 4; lastKnownFileType = sourcecode.c.h; path = ManagedLocationItem.h; sourceTree = "<group>"; };
		03E0AE851A25161B0043418F /* ManagedLocationItem.m */ = {isa = PBXFileReference; fileEncoding = 4; lastKnownFileType = sourcecode.c.objc; path = ManagedLocationItem.m; sourceTree = "<group>"; };
		03E0AE881A2518100043418F /* Drizzle.xcdatamodel */ = {isa = PBXFileReference; lastKnownFileType = wrapper.xcdatamodel; path = Drizzle.xcdatamodel; sourceTree = "<group>"; };
		03E0AE8D1A251A040043418F /* LocationEntity.h */ = {isa = PBXFileReference; fileEncoding = 4; lastKnownFileType = sourcecode.c.h; name = LocationEntity.h; path = drizzle/Classes/Common/Store/LocationEntity.h; sourceTree = SOURCE_ROOT; };
		03E0AE8E1A251A040043418F /* LocationEntity.m */ = {isa = PBXFileReference; fileEncoding = 4; lastKnownFileType = sourcecode.c.objc; name = LocationEntity.m; path = drizzle/Classes/Common/Store/LocationEntity.m; sourceTree = SOURCE_ROOT; };
		03E0AE901A251B0F0043418F /* ListInteractorIO.h */ = {isa = PBXFileReference; fileEncoding = 4; lastKnownFileType = sourcecode.c.h; path = ListInteractorIO.h; sourceTree = "<group>"; };
		03E0AE911A251B5C0043418F /* ListInteractor.h */ = {isa = PBXFileReference; fileEncoding = 4; lastKnownFileType = sourcecode.c.h; path = ListInteractor.h; sourceTree = "<group>"; };
		03E0AE921A251B5C0043418F /* ListInteractor.m */ = {isa = PBXFileReference; fileEncoding = 4; lastKnownFileType = sourcecode.c.objc; path = ListInteractor.m; sourceTree = "<group>"; };
		03E0AE971A251D8F0043418F /* ListWireframe.h */ = {isa = PBXFileReference; fileEncoding = 4; lastKnownFileType = sourcecode.c.h; path = ListWireframe.h; sourceTree = "<group>"; };
		03E0AE981A251D8F0043418F /* ListWireframe.m */ = {isa = PBXFileReference; fileEncoding = 4; lastKnownFileType = sourcecode.c.objc; path = ListWireframe.m; sourceTree = "<group>"; };
		03E0AE9A1A251E670043418F /* ListPresenter.h */ = {isa = PBXFileReference; fileEncoding = 4; lastKnownFileType = sourcecode.c.h; path = ListPresenter.h; sourceTree = "<group>"; };
		03E0AE9B1A251E670043418F /* ListPresenter.m */ = {isa = PBXFileReference; fileEncoding = 4; lastKnownFileType = sourcecode.c.objc; path = ListPresenter.m; sourceTree = "<group>"; };
		03E0AE9D1A251F8E0043418F /* LocationDisplayData.h */ = {isa = PBXFileReference; fileEncoding = 4; lastKnownFileType = sourcecode.c.h; path = LocationDisplayData.h; sourceTree = "<group>"; };
		03E0AE9E1A251F8E0043418F /* LocationDisplayData.m */ = {isa = PBXFileReference; fileEncoding = 4; lastKnownFileType = sourcecode.c.objc; path = LocationDisplayData.m; sourceTree = "<group>"; };
		03E0AEA01A25218B0043418F /* LocationDisplayDataCollector.h */ = {isa = PBXFileReference; fileEncoding = 4; lastKnownFileType = sourcecode.c.h; path = LocationDisplayDataCollector.h; sourceTree = "<group>"; };
		03E0AEA11A25218B0043418F /* LocationDisplayDataCollector.m */ = {isa = PBXFileReference; fileEncoding = 4; lastKnownFileType = sourcecode.c.objc; path = LocationDisplayDataCollector.m; sourceTree = "<group>"; };
		03E0AEA31A2525160043418F /* LocationDisplayItem.h */ = {isa = PBXFileReference; fileEncoding = 4; lastKnownFileType = sourcecode.c.h; path = LocationDisplayItem.h; sourceTree = "<group>"; };
		03E0AEA41A2525160043418F /* LocationDisplayItem.m */ = {isa = PBXFileReference; fileEncoding = 4; lastKnownFileType = sourcecode.c.objc; path = LocationDisplayItem.m; sourceTree = "<group>"; };
		03E0AEA61A25284F0043418F /* ListViewInterface.h */ = {isa = PBXFileReference; fileEncoding = 4; lastKnownFileType = sourcecode.c.h; path = ListViewInterface.h; sourceTree = "<group>"; };
		03E0AEA71A2528930043418F /* ListViewController.h */ = {isa = PBXFileReference; fileEncoding = 4; lastKnownFileType = sourcecode.c.h; path = ListViewController.h; sourceTree = "<group>"; };
		03E0AEA81A2528930043418F /* ListViewController.m */ = {isa = PBXFileReference; fileEncoding = 4; lastKnownFileType = sourcecode.c.objc; path = ListViewController.m; sourceTree = "<group>"; };
		03E0AEAE1A252FD30043418F /* AddModuleDelegateInterface.h */ = {isa = PBXFileReference; fileEncoding = 4; lastKnownFileType = sourcecode.c.h; path = AddModuleDelegateInterface.h; sourceTree = "<group>"; };
		03E0AEAF1A25303B0043418F /* AddInteractor.h */ = {isa = PBXFileReference; fileEncoding = 4; lastKnownFileType = sourcecode.c.h; path = AddInteractor.h; sourceTree = "<group>"; };
		03E0AEB01A25303B0043418F /* AddInteractor.m */ = {isa = PBXFileReference; fileEncoding = 4; lastKnownFileType = sourcecode.c.objc; path = AddInteractor.m; sourceTree = "<group>"; };
		03E0AEB21A2530CE0043418F /* AddDataManager.h */ = {isa = PBXFileReference; fileEncoding = 4; lastKnownFileType = sourcecode.c.h; path = AddDataManager.h; sourceTree = "<group>"; };
		03E0AEB31A2530CE0043418F /* AddDataManager.m */ = {isa = PBXFileReference; fileEncoding = 4; lastKnownFileType = sourcecode.c.objc; path = AddDataManager.m; sourceTree = "<group>"; };
		03E0AEB51A2531420043418F /* AddModuleInterface.h */ = {isa = PBXFileReference; fileEncoding = 4; lastKnownFileType = sourcecode.c.h; path = AddModuleInterface.h; sourceTree = "<group>"; };
		03E0AEB91A2531AD0043418F /* AddPresenter.h */ = {isa = PBXFileReference; fileEncoding = 4; lastKnownFileType = sourcecode.c.h; path = AddPresenter.h; sourceTree = "<group>"; };
		03E0AEBA1A2531AD0043418F /* AddPresenter.m */ = {isa = PBXFileReference; fileEncoding = 4; lastKnownFileType = sourcecode.c.objc; path = AddPresenter.m; sourceTree = "<group>"; };
		03E0AEBC1A2532610043418F /* AddWireframe.h */ = {isa = PBXFileReference; fileEncoding = 4; lastKnownFileType = sourcecode.c.h; path = AddWireframe.h; sourceTree = "<group>"; };
		03E0AEBD1A2532610043418F /* AddWireframe.m */ = {isa = PBXFileReference; fileEncoding = 4; lastKnownFileType = sourcecode.c.objc; path = AddWireframe.m; sourceTree = "<group>"; };
		03E0AEBF1A2540900043418F /* AddViewController.h */ = {isa = PBXFileReference; fileEncoding = 4; lastKnownFileType = sourcecode.c.h; path = AddViewController.h; sourceTree = "<group>"; };
		03E0AEC01A2540900043418F /* AddViewController.m */ = {isa = PBXFileReference; fileEncoding = 4; lastKnownFileType = sourcecode.c.objc; path = AddViewController.m; sourceTree = "<group>"; };
		03E0AEC21A25462A0043418F /* GeoBytesStore.h */ = {isa = PBXFileReference; fileEncoding = 4; lastKnownFileType = sourcecode.c.h; path = GeoBytesStore.h; sourceTree = "<group>"; };
		03E0AEC31A25462A0043418F /* GeoBytesStore.m */ = {isa = PBXFileReference; fileEncoding = 4; lastKnownFileType = sourcecode.c.objc; path = GeoBytesStore.m; sourceTree = "<group>"; };
		03E0AEC51A2547540043418F /* AddViewInterface.h */ = {isa = PBXFileReference; fileEncoding = 4; lastKnownFileType = sourcecode.c.h; path = AddViewInterface.h; sourceTree = "<group>"; };
/* End PBXFileReference section */

/* Begin PBXFrameworksBuildPhase section */
		03BA7F7F1A24EEEB00E10F40 /* Frameworks */ = {
			isa = PBXFrameworksBuildPhase;
			buildActionMask = 2147483647;
			files = (
			);
			runOnlyForDeploymentPostprocessing = 0;
		};
		03BA7F981A24EEEB00E10F40 /* Frameworks */ = {
			isa = PBXFrameworksBuildPhase;
			buildActionMask = 2147483647;
			files = (
			);
			runOnlyForDeploymentPostprocessing = 0;
		};
/* End PBXFrameworksBuildPhase section */

/* Begin PBXGroup section */
		03BA7F791A24EEEB00E10F40 = {
			isa = PBXGroup;
			children = (
				03BA7F841A24EEEB00E10F40 /* drizzle */,
				03BA7F9E1A24EEEB00E10F40 /* drizzleTests */,
				03BA7F831A24EEEB00E10F40 /* Products */,
			);
			sourceTree = "<group>";
		};
		03BA7F831A24EEEB00E10F40 /* Products */ = {
			isa = PBXGroup;
			children = (
				03BA7F821A24EEEB00E10F40 /* drizzle.app */,
				03BA7F9B1A24EEEB00E10F40 /* drizzleTests.xctest */,
			);
			name = Products;
			sourceTree = "<group>";
		};
		03BA7F841A24EEEB00E10F40 /* drizzle */ = {
			isa = PBXGroup;
			children = (
				03E0AE5B1A24F63D0043418F /* Classes */,
				03BA7F8F1A24EEEB00E10F40 /* Main.storyboard */,
				03BA7F921A24EEEB00E10F40 /* Images.xcassets */,
				03BA7F941A24EEEB00E10F40 /* LaunchScreen.xib */,
				03BA7F851A24EEEB00E10F40 /* Supporting Files */,
			);
			path = drizzle;
			sourceTree = "<group>";
		};
		03BA7F851A24EEEB00E10F40 /* Supporting Files */ = {
			isa = PBXGroup;
			children = (
				03BA7F861A24EEEB00E10F40 /* Info.plist */,
				03BA7F871A24EEEB00E10F40 /* main.m */,
			);
			name = "Supporting Files";
			sourceTree = "<group>";
		};
		03BA7F9E1A24EEEB00E10F40 /* drizzleTests */ = {
			isa = PBXGroup;
			children = (
				03BA7FA11A24EEEB00E10F40 /* drizzleTests.m */,
				03BA7F9F1A24EEEB00E10F40 /* Supporting Files */,
			);
			path = drizzleTests;
			sourceTree = "<group>";
		};
		03BA7F9F1A24EEEB00E10F40 /* Supporting Files */ = {
			isa = PBXGroup;
			children = (
				03BA7FA01A24EEEB00E10F40 /* Info.plist */,
			);
			name = "Supporting Files";
			sourceTree = "<group>";
		};
		03E0AE5B1A24F63D0043418F /* Classes */ = {
			isa = PBXGroup;
			children = (
				03E0AE5E1A24F63D0043418F /* Common */,
				03E0AE631A24F63D0043418F /* Modules */,
				03E0AE5C1A24F63D0043418F /* AppDelegate.h */,
				03E0AE5D1A24F63D0043418F /* AppDelegate.m */,
				03E0AE651A24F7790043418F /* AppDependencies.h */,
				03E0AE661A24F7790043418F /* AppDependencies.m */,
			);
			path = Classes;
			sourceTree = "<group>";
		};
		03E0AE5E1A24F63D0043418F /* Common */ = {
			isa = PBXGroup;
			children = (
				03E0AE5F1A24F63D0043418F /* Categories */,
				03E0AE601A24F63D0043418F /* Entity */,
				03E0AE611A24F63D0043418F /* Store */,
				03E0AE621A24F63D0043418F /* View */,
			);
			path = Common;
			sourceTree = "<group>";
		};
		03E0AE5F1A24F63D0043418F /* Categories */ = {
			isa = PBXGroup;
			children = (
				03E0AE7D1A250F430043418F /* NSArray+Additions.h */,
				03E0AE7E1A250F430043418F /* NSArray+Additions.m */,
			);
			path = Categories;
			sourceTree = "<group>";
		};
		03E0AE601A24F63D0043418F /* Entity */ = {
			isa = PBXGroup;
			children = (
				03E0AE8D1A251A040043418F /* LocationEntity.h */,
				03E0AE8E1A251A040043418F /* LocationEntity.m */,
			);
			path = Entity;
			sourceTree = "<group>";
		};
		03E0AE611A24F63D0043418F /* Store */ = {
			isa = PBXGroup;
			children = (
				03E0AE801A2510120043418F /* Entities */,
				03E0AE871A2518100043418F /* Drizzle.xcdatamodeld */,
				03E0AE811A25103A0043418F /* CoreDataStore.h */,
				03E0AE821A25103A0043418F /* CoreDataStore.m */,
				03E0AEC21A25462A0043418F /* GeoBytesStore.h */,
				03E0AEC31A25462A0043418F /* GeoBytesStore.m */,
			);
			path = Store;
			sourceTree = "<group>";
		};
		03E0AE621A24F63D0043418F /* View */ = {
			isa = PBXGroup;
			children = (
				03E0AE711A250C920043418F /* RootWireframe.h */,
				03E0AE721A250C920043418F /* RootWireframe.m */,
			);
			path = View;
			sourceTree = "<group>";
		};
		03E0AE631A24F63D0043418F /* Modules */ = {
			isa = PBXGroup;
			children = (
				03E0AE741A250D530043418F /* List */,
				03E0AEAA1A252F240043418F /* Add */,
			);
			path = Modules;
			sourceTree = "<group>";
		};
		03E0AE741A250D530043418F /* List */ = {
			isa = PBXGroup;
			children = (
				03E0AE761A250D790043418F /* Data */,
				03E0AE751A250D5D0043418F /* Interactor */,
				03E0AE781A250D9A0043418F /* UI */,
				03E0AE791A250DD00043418F /* ListModuleInterface.h */,
			);
			name = List;
			sourceTree = "<group>";
		};
		03E0AE751A250D5D0043418F /* Interactor */ = {
			isa = PBXGroup;
			children = (
				03E0AE901A251B0F0043418F /* ListInteractorIO.h */,
				03E0AE911A251B5C0043418F /* ListInteractor.h */,
				03E0AE921A251B5C0043418F /* ListInteractor.m */,
			);
			name = Interactor;
			sourceTree = "<group>";
		};
		03E0AE761A250D790043418F /* Data */ = {
			isa = PBXGroup;
			children = (
				03E0AE7A1A250E190043418F /* ListDataManager.h */,
				03E0AE7B1A250E190043418F /* ListDataManager.m */,
			);
			name = Data;
			sourceTree = "<group>";
		};
		03E0AE781A250D9A0043418F /* UI */ = {
			isa = PBXGroup;
			children = (
				03E0AE961A251D700043418F /* Presenter */,
				03E0AE951A251D6C0043418F /* View */,
				03E0AE941A251D680043418F /* Wireframe */,
			);
			name = UI;
			sourceTree = "<group>";
		};
		03E0AE801A2510120043418F /* Entities */ = {
			isa = PBXGroup;
			children = (
				03E0AE841A25161B0043418F /* ManagedLocationItem.h */,
				03E0AE851A25161B0043418F /* ManagedLocationItem.m */,
			);
			name = Entities;
			sourceTree = "<group>";
		};
		03E0AE941A251D680043418F /* Wireframe */ = {
			isa = PBXGroup;
			children = (
				03E0AE971A251D8F0043418F /* ListWireframe.h */,
				03E0AE981A251D8F0043418F /* ListWireframe.m */,
			);
			name = Wireframe;
			sourceTree = "<group>";
		};
		03E0AE951A251D6C0043418F /* View */ = {
			isa = PBXGroup;
			children = (
				03E0AEA61A25284F0043418F /* ListViewInterface.h */,
				03E0AEA71A2528930043418F /* ListViewController.h */,
				03E0AEA81A2528930043418F /* ListViewController.m */,
			);
			name = View;
			sourceTree = "<group>";
		};
		03E0AE961A251D700043418F /* Presenter */ = {
			isa = PBXGroup;
			children = (
				03E0AE9A1A251E670043418F /* ListPresenter.h */,
				03E0AE9B1A251E670043418F /* ListPresenter.m */,
				03E0AE9D1A251F8E0043418F /* LocationDisplayData.h */,
				03E0AE9E1A251F8E0043418F /* LocationDisplayData.m */,
				03E0AEA31A2525160043418F /* LocationDisplayItem.h */,
				03E0AEA41A2525160043418F /* LocationDisplayItem.m */,
				03E0AEA01A25218B0043418F /* LocationDisplayDataCollector.h */,
				03E0AEA11A25218B0043418F /* LocationDisplayDataCollector.m */,
			);
			name = Presenter;
			sourceTree = "<group>";
		};
		03E0AEAA1A252F240043418F /* Add */ = {
			isa = PBXGroup;
			children = (
				03E0AEAB1A252F3D0043418F /* Data */,
				03E0AEAC1A252F440043418F /* Interactor */,
				03E0AEAD1A252F4A0043418F /* UI */,
				03E0AEAE1A252FD30043418F /* AddModuleDelegateInterface.h */,
				03E0AEB51A2531420043418F /* AddModuleInterface.h */,
			);
			name = Add;
			sourceTree = "<group>";
		};
		03E0AEAB1A252F3D0043418F /* Data */ = {
			isa = PBXGroup;
			children = (
				03E0AEB21A2530CE0043418F /* AddDataManager.h */,
				03E0AEB31A2530CE0043418F /* AddDataManager.m */,
			);
			name = Data;
			sourceTree = "<group>";
		};
		03E0AEAC1A252F440043418F /* Interactor */ = {
			isa = PBXGroup;
			children = (
				03E0AEAF1A25303B0043418F /* AddInteractor.h */,
				03E0AEB01A25303B0043418F /* AddInteractor.m */,
			);
			name = Interactor;
			sourceTree = "<group>";
		};
		03E0AEAD1A252F4A0043418F /* UI */ = {
			isa = PBXGroup;
			children = (
				03E0AEB81A25319E0043418F /* Presenter */,
				03E0AEB71A25319B0043418F /* View */,
				03E0AEB61A2531950043418F /* Wireframe */,
			);
			name = UI;
			sourceTree = "<group>";
		};
		03E0AEB61A2531950043418F /* Wireframe */ = {
			isa = PBXGroup;
			children = (
				03E0AEBC1A2532610043418F /* AddWireframe.h */,
				03E0AEBD1A2532610043418F /* AddWireframe.m */,
			);
			name = Wireframe;
			sourceTree = "<group>";
		};
		03E0AEB71A25319B0043418F /* View */ = {
			isa = PBXGroup;
			children = (
				03E0AEBF1A2540900043418F /* AddViewController.h */,
				03E0AEC01A2540900043418F /* AddViewController.m */,
				03E0AEC51A2547540043418F /* AddViewInterface.h */,
			);
			name = View;
			sourceTree = "<group>";
		};
		03E0AEB81A25319E0043418F /* Presenter */ = {
			isa = PBXGroup;
			children = (
				03E0AEB91A2531AD0043418F /* AddPresenter.h */,
				03E0AEBA1A2531AD0043418F /* AddPresenter.m */,
			);
			name = Presenter;
			sourceTree = "<group>";
		};
/* End PBXGroup section */

/* Begin PBXNativeTarget section */
		03BA7F811A24EEEB00E10F40 /* drizzle */ = {
			isa = PBXNativeTarget;
			buildConfigurationList = 03BA7FA51A24EEEB00E10F40 /* Build configuration list for PBXNativeTarget "drizzle" */;
			buildPhases = (
				03BA7F7E1A24EEEB00E10F40 /* Sources */,
				03BA7F7F1A24EEEB00E10F40 /* Frameworks */,
				03BA7F801A24EEEB00E10F40 /* Resources */,
			);
			buildRules = (
			);
			dependencies = (
			);
			name = drizzle;
			productName = drizzle;
			productReference = 03BA7F821A24EEEB00E10F40 /* drizzle.app */;
			productType = "com.apple.product-type.application";
		};
		03BA7F9A1A24EEEB00E10F40 /* drizzleTests */ = {
			isa = PBXNativeTarget;
			buildConfigurationList = 03BA7FA81A24EEEB00E10F40 /* Build configuration list for PBXNativeTarget "drizzleTests" */;
			buildPhases = (
				03BA7F971A24EEEB00E10F40 /* Sources */,
				03BA7F981A24EEEB00E10F40 /* Frameworks */,
				03BA7F991A24EEEB00E10F40 /* Resources */,
			);
			buildRules = (
			);
			dependencies = (
				03BA7F9D1A24EEEB00E10F40 /* PBXTargetDependency */,
			);
			name = drizzleTests;
			productName = drizzleTests;
			productReference = 03BA7F9B1A24EEEB00E10F40 /* drizzleTests.xctest */;
			productType = "com.apple.product-type.bundle.unit-test";
		};
/* End PBXNativeTarget section */

/* Begin PBXProject section */
		03BA7F7A1A24EEEB00E10F40 /* Project object */ = {
			isa = PBXProject;
			attributes = {
				LastUpgradeCheck = 0610;
				ORGANIZATIONNAME = sizeof.io;
				TargetAttributes = {
					03BA7F811A24EEEB00E10F40 = {
						CreatedOnToolsVersion = 6.1;
					};
					03BA7F9A1A24EEEB00E10F40 = {
						CreatedOnToolsVersion = 6.1;
						TestTargetID = 03BA7F811A24EEEB00E10F40;
					};
				};
			};
			buildConfigurationList = 03BA7F7D1A24EEEB00E10F40 /* Build configuration list for PBXProject "drizzle" */;
			compatibilityVersion = "Xcode 3.2";
			developmentRegion = English;
			hasScannedForEncodings = 0;
			knownRegions = (
				en,
				Base,
			);
			mainGroup = 03BA7F791A24EEEB00E10F40;
			productRefGroup = 03BA7F831A24EEEB00E10F40 /* Products */;
			projectDirPath = "";
			projectRoot = "";
			targets = (
				03BA7F811A24EEEB00E10F40 /* drizzle */,
				03BA7F9A1A24EEEB00E10F40 /* drizzleTests */,
			);
		};
/* End PBXProject section */

/* Begin PBXResourcesBuildPhase section */
		03BA7F801A24EEEB00E10F40 /* Resources */ = {
			isa = PBXResourcesBuildPhase;
			buildActionMask = 2147483647;
			files = (
				03BA7F911A24EEEB00E10F40 /* Main.storyboard in Resources */,
				03BA7F961A24EEEB00E10F40 /* LaunchScreen.xib in Resources */,
				03BA7F931A24EEEB00E10F40 /* Images.xcassets in Resources */,
			);
			runOnlyForDeploymentPostprocessing = 0;
		};
		03BA7F991A24EEEB00E10F40 /* Resources */ = {
			isa = PBXResourcesBuildPhase;
			buildActionMask = 2147483647;
			files = (
			);
			runOnlyForDeploymentPostprocessing = 0;
		};
/* End PBXResourcesBuildPhase section */

/* Begin PBXSourcesBuildPhase section */
		03BA7F7E1A24EEEB00E10F40 /* Sources */ = {
			isa = PBXSourcesBuildPhase;
			buildActionMask = 2147483647;
			files = (
				03E0AEB11A25303B0043418F /* AddInteractor.m in Sources */,
				03E0AE991A251D8F0043418F /* ListWireframe.m in Sources */,
				03E0AEC11A2540900043418F /* AddViewController.m in Sources */,
				03E0AE7F1A250F430043418F /* NSArray+Additions.m in Sources */,
				03E0AE8F1A251A040043418F /* LocationEntity.m in Sources */,
				03E0AE861A25161B0043418F /* ManagedLocationItem.m in Sources */,
				03E0AEC41A25462A0043418F /* GeoBytesStore.m in Sources */,
				03E0AE891A2518100043418F /* Drizzle.xcdatamodeld in Sources */,
				03E0AE671A24F7790043418F /* AppDependencies.m in Sources */,
				03E0AE731A250C920043418F /* RootWireframe.m in Sources */,
				03E0AEA91A2528930043418F /* ListViewController.m in Sources */,
				03E0AE9F1A251F8E0043418F /* LocationDisplayData.m in Sources */,
				03E0AEBB1A2531AD0043418F /* AddPresenter.m in Sources */,
				03E0AE9C1A251E670043418F /* ListPresenter.m in Sources */,
				03E0AE641A24F63D0043418F /* AppDelegate.m in Sources */,
				03E0AE7C1A250E190043418F /* ListDataManager.m in Sources */,
				03E0AEA21A25218B0043418F /* LocationDisplayDataCollector.m in Sources */,
				03E0AEBE1A2532610043418F /* AddWireframe.m in Sources */,
				03BA7F881A24EEEB00E10F40 /* main.m in Sources */,
				03E0AE931A251B5C0043418F /* ListInteractor.m in Sources */,
				03E0AEB41A2530CE0043418F /* AddDataManager.m in Sources */,
				03E0AEA51A2525160043418F /* LocationDisplayItem.m in Sources */,
				03E0AE831A25103A0043418F /* CoreDataStore.m in Sources */,
			);
			runOnlyForDeploymentPostprocessing = 0;
		};
		03BA7F971A24EEEB00E10F40 /* Sources */ = {
			isa = PBXSourcesBuildPhase;
			buildActionMask = 2147483647;
			files = (
				03BA7FA21A24EEEB00E10F40 /* drizzleTests.m in Sources */,
			);
			runOnlyForDeploymentPostprocessing = 0;
		};
/* End PBXSourcesBuildPhase section */

/* Begin PBXTargetDependency section */
		03BA7F9D1A24EEEB00E10F40 /* PBXTargetDependency */ = {
			isa = PBXTargetDependency;
			target = 03BA7F811A24EEEB00E10F40 /* drizzle */;
			targetProxy = 03BA7F9C1A24EEEB00E10F40 /* PBXContainerItemProxy */;
		};
/* End PBXTargetDependency section */

/* Begin PBXVariantGroup section */
		03BA7F8F1A24EEEB00E10F40 /* Main.storyboard */ = {
			isa = PBXVariantGroup;
			children = (
				03BA7F901A24EEEB00E10F40 /* Base */,
			);
			name = Main.storyboard;
			sourceTree = "<group>";
		};
		03BA7F941A24EEEB00E10F40 /* LaunchScreen.xib */ = {
			isa = PBXVariantGroup;
			children = (
				03BA7F951A24EEEB00E10F40 /* Base */,
			);
			name = LaunchScreen.xib;
			sourceTree = "<group>";
		};
/* End PBXVariantGroup section */

/* Begin XCBuildConfiguration section */
		03BA7FA31A24EEEB00E10F40 /* Debug */ = {
			isa = XCBuildConfiguration;
			buildSettings = {
				ALWAYS_SEARCH_USER_PATHS = NO;
				CLANG_CXX_LANGUAGE_STANDARD = "gnu++0x";
				CLANG_CXX_LIBRARY = "libc++";
				CLANG_ENABLE_MODULES = YES;
				CLANG_ENABLE_OBJC_ARC = YES;
				CLANG_WARN_BOOL_CONVERSION = YES;
				CLANG_WARN_CONSTANT_CONVERSION = YES;
				CLANG_WARN_DIRECT_OBJC_ISA_USAGE = YES_ERROR;
				CLANG_WARN_EMPTY_BODY = YES;
				CLANG_WARN_ENUM_CONVERSION = YES;
				CLANG_WARN_INT_CONVERSION = YES;
				CLANG_WARN_OBJC_ROOT_CLASS = YES_ERROR;
				CLANG_WARN_UNREACHABLE_CODE = YES;
				CLANG_WARN__DUPLICATE_METHOD_MATCH = YES;
				"CODE_SIGN_IDENTITY[sdk=iphoneos*]" = "iPhone Developer";
				COPY_PHASE_STRIP = NO;
				ENABLE_STRICT_OBJC_MSGSEND = YES;
				GCC_C_LANGUAGE_STANDARD = gnu99;
				GCC_DYNAMIC_NO_PIC = NO;
				GCC_OPTIMIZATION_LEVEL = 0;
				GCC_PREPROCESSOR_DEFINITIONS = (
					"DEBUG=1",
					"$(inherited)",
				);
				GCC_SYMBOLS_PRIVATE_EXTERN = NO;
				GCC_WARN_64_TO_32_BIT_CONVERSION = YES;
				GCC_WARN_ABOUT_RETURN_TYPE = YES_ERROR;
				GCC_WARN_UNDECLARED_SELECTOR = YES;
				GCC_WARN_UNINITIALIZED_AUTOS = YES_AGGRESSIVE;
				GCC_WARN_UNUSED_FUNCTION = YES;
				GCC_WARN_UNUSED_VARIABLE = YES;
				IPHONEOS_DEPLOYMENT_TARGET = 8.1;
				MTL_ENABLE_DEBUG_INFO = YES;
				ONLY_ACTIVE_ARCH = YES;
				SDKROOT = iphoneos;
			};
			name = Debug;
		};
		03BA7FA41A24EEEB00E10F40 /* Release */ = {
			isa = XCBuildConfiguration;
			buildSettings = {
				ALWAYS_SEARCH_USER_PATHS = NO;
				CLANG_CXX_LANGUAGE_STANDARD = "gnu++0x";
				CLANG_CXX_LIBRARY = "libc++";
				CLANG_ENABLE_MODULES = YES;
				CLANG_ENABLE_OBJC_ARC = YES;
				CLANG_WARN_BOOL_CONVERSION = YES;
				CLANG_WARN_CONSTANT_CONVERSION = YES;
				CLANG_WARN_DIRECT_OBJC_ISA_USAGE = YES_ERROR;
				CLANG_WARN_EMPTY_BODY = YES;
				CLANG_WARN_ENUM_CONVERSION = YES;
				CLANG_WARN_INT_CONVERSION = YES;
				CLANG_WARN_OBJC_ROOT_CLASS = YES_ERROR;
				CLANG_WARN_UNREACHABLE_CODE = YES;
				CLANG_WARN__DUPLICATE_METHOD_MATCH = YES;
				"CODE_SIGN_IDENTITY[sdk=iphoneos*]" = "iPhone Developer";
				COPY_PHASE_STRIP = YES;
				ENABLE_NS_ASSERTIONS = NO;
				ENABLE_STRICT_OBJC_MSGSEND = YES;
				GCC_C_LANGUAGE_STANDARD = gnu99;
				GCC_WARN_64_TO_32_BIT_CONVERSION = YES;
				GCC_WARN_ABOUT_RETURN_TYPE = YES_ERROR;
				GCC_WARN_UNDECLARED_SELECTOR = YES;
				GCC_WARN_UNINITIALIZED_AUTOS = YES_AGGRESSIVE;
				GCC_WARN_UNUSED_FUNCTION = YES;
				GCC_WARN_UNUSED_VARIABLE = YES;
				IPHONEOS_DEPLOYMENT_TARGET = 8.1;
				MTL_ENABLE_DEBUG_INFO = NO;
				SDKROOT = iphoneos;
				VALIDATE_PRODUCT = YES;
			};
			name = Release;
		};
		03BA7FA61A24EEEB00E10F40 /* Debug */ = {
			isa = XCBuildConfiguration;
			buildSettings = {
				ASSETCATALOG_COMPILER_APPICON_NAME = AppIcon;
				INFOPLIST_FILE = drizzle/Info.plist;
				LD_RUNPATH_SEARCH_PATHS = "$(inherited) @executable_path/Frameworks";
				PRODUCT_NAME = "$(TARGET_NAME)";
			};
			name = Debug;
		};
		03BA7FA71A24EEEB00E10F40 /* Release */ = {
			isa = XCBuildConfiguration;
			buildSettings = {
				ASSETCATALOG_COMPILER_APPICON_NAME = AppIcon;
				INFOPLIST_FILE = drizzle/Info.plist;
				LD_RUNPATH_SEARCH_PATHS = "$(inherited) @executable_path/Frameworks";
				PRODUCT_NAME = "$(TARGET_NAME)";
			};
			name = Release;
		};
		03BA7FA91A24EEEB00E10F40 /* Debug */ = {
			isa = XCBuildConfiguration;
			buildSettings = {
				BUNDLE_LOADER = "$(TEST_HOST)";
				FRAMEWORK_SEARCH_PATHS = (
					"$(SDKROOT)/Developer/Library/Frameworks",
					"$(inherited)",
				);
				GCC_PREPROCESSOR_DEFINITIONS = (
					"DEBUG=1",
					"$(inherited)",
				);
				INFOPLIST_FILE = drizzleTests/Info.plist;
				LD_RUNPATH_SEARCH_PATHS = "$(inherited) @executable_path/Frameworks @loader_path/Frameworks";
				PRODUCT_NAME = "$(TARGET_NAME)";
				TEST_HOST = "$(BUILT_PRODUCTS_DIR)/drizzle.app/drizzle";
			};
			name = Debug;
		};
		03BA7FAA1A24EEEB00E10F40 /* Release */ = {
			isa = XCBuildConfiguration;
			buildSettings = {
				BUNDLE_LOADER = "$(TEST_HOST)";
				FRAMEWORK_SEARCH_PATHS = (
					"$(SDKROOT)/Developer/Library/Frameworks",
					"$(inherited)",
				);
				INFOPLIST_FILE = drizzleTests/Info.plist;
				LD_RUNPATH_SEARCH_PATHS = "$(inherited) @executable_path/Frameworks @loader_path/Frameworks";
				PRODUCT_NAME = "$(TARGET_NAME)";
				TEST_HOST = "$(BUILT_PRODUCTS_DIR)/drizzle.app/drizzle";
			};
			name = Release;
		};
/* End XCBuildConfiguration section */

/* Begin XCConfigurationList section */
		03BA7F7D1A24EEEB00E10F40 /* Build configuration list for PBXProject "drizzle" */ = {
			isa = XCConfigurationList;
			buildConfigurations = (
				03BA7FA31A24EEEB00E10F40 /* Debug */,
				03BA7FA41A24EEEB00E10F40 /* Release */,
			);
			defaultConfigurationIsVisible = 0;
			defaultConfigurationName = Release;
		};
		03BA7FA51A24EEEB00E10F40 /* Build configuration list for PBXNativeTarget "drizzle" */ = {
			isa = XCConfigurationList;
			buildConfigurations = (
				03BA7FA61A24EEEB00E10F40 /* Debug */,
				03BA7FA71A24EEEB00E10F40 /* Release */,
			);
			defaultConfigurationIsVisible = 0;
			defaultConfigurationName = Release;
		};
		03BA7FA81A24EEEB00E10F40 /* Build configuration list for PBXNativeTarget "drizzleTests" */ = {
			isa = XCConfigurationList;
			buildConfigurations = (
				03BA7FA91A24EEEB00E10F40 /* Debug */,
				03BA7FAA1A24EEEB00E10F40 /* Release */,
			);
			defaultConfigurationIsVisible = 0;
			defaultConfigurationName = Release;
		};
/* End XCConfigurationList section */

/* Begin XCVersionGroup section */
		03E0AE871A2518100043418F /* Drizzle.xcdatamodeld */ = {
			isa = XCVersionGroup;
			children = (
				03E0AE881A2518100043418F /* Drizzle.xcdatamodel */,
			);
			currentVersion = 03E0AE881A2518100043418F /* Drizzle.xcdatamodel */;
			path = Drizzle.xcdatamodeld;
			sourceTree = "<group>";
			versionGroupType = wrapper.xcdatamodel;
		};
/* End XCVersionGroup section */
	};
	rootObject = 03BA7F7A1A24EEEB00E10F40 /* Project object */;
}
